
Microsoft Visual Studio Solution File, Format Version 11.00
# Visual Studio 2010
Project("{2150E333-8FDC-42A3-9474-1A3956D46DE8}") = "Solution Items", "Solution Items", "{DC98210E-1646-483B-819A-2BB8272461E4}"
	ProjectSection(SolutionItems) = preProject
		ICSharpCode.NRefactory.nuspec = ICSharpCode.NRefactory.nuspec
		ICSharpCode.NRefactory.snk = ICSharpCode.NRefactory.snk
		README = README
		doc\TODO = doc\TODO
	EndProjectSection
EndProject
Project("{FAE04EC0-301F-11D3-BF4B-00C04F79EFBC}") = "ICSharpCode.NRefactory6.Tests", "ICSharpCode.NRefactory.Tests\ICSharpCode.NRefactory6.Tests.csproj", "{63D3B27A-D966-4902-90B3-30290E1692F1}"
EndProject
Project("{FAE04EC0-301F-11D3-BF4B-00C04F79EFBC}") = "ICSharpCode.NRefactory6.CSharp.Refactoring", "ICSharpCode.NRefactory.CSharp.Refactoring\ICSharpCode.NRefactory6.CSharp.Refactoring.csproj", "{2A705FC6-1A9E-4941-9E47-254D79F2D9D5}"
EndProject
Project("{FAE04EC0-301F-11D3-BF4B-00C04F79EFBC}") = "ICSharpCode.NRefactory6.CSharp", "ICSharpCode.NRefactory.CSharp\ICSharpCode.NRefactory6.CSharp.csproj", "{53DCA265-3C3C-42F9-B647-F72BA678122B}"
EndProject
Global
	GlobalSection(SolutionConfigurationPlatforms) = preSolution
		Debug|Any CPU = Debug|Any CPU
		Debug|x86 = Debug|x86
		Release|Any CPU = Release|Any CPU
		Release|x86 = Release|x86
		net_4_5_Debug|Any CPU = net_4_5_Debug|Any CPU
		net_4_5_Debug|x86 = net_4_5_Debug|x86
		net_4_5_Release|Any CPU = net_4_5_Release|Any CPU
		net_4_5_Release|x86 = net_4_5_Release|x86
	EndGlobalSection
	GlobalSection(ProjectConfigurationPlatforms) = postSolution
		{2A705FC6-1A9E-4941-9E47-254D79F2D9D5}.Debug|Any CPU.ActiveCfg = Debug|Any CPU
		{2A705FC6-1A9E-4941-9E47-254D79F2D9D5}.Debug|Any CPU.Build.0 = Debug|Any CPU
		{2A705FC6-1A9E-4941-9E47-254D79F2D9D5}.Debug|x86.ActiveCfg = Debug|Any CPU
		{2A705FC6-1A9E-4941-9E47-254D79F2D9D5}.Debug|x86.Build.0 = Debug|Any CPU
		{2A705FC6-1A9E-4941-9E47-254D79F2D9D5}.net_4_5_Debug|Any CPU.ActiveCfg = net_4_5_Debug|Any CPU
		{2A705FC6-1A9E-4941-9E47-254D79F2D9D5}.net_4_5_Debug|Any CPU.Build.0 = net_4_5_Debug|Any CPU
		{2A705FC6-1A9E-4941-9E47-254D79F2D9D5}.net_4_5_Debug|x86.ActiveCfg = net_4_5_Debug|Any CPU
		{2A705FC6-1A9E-4941-9E47-254D79F2D9D5}.net_4_5_Debug|x86.Build.0 = net_4_5_Debug|Any CPU
		{2A705FC6-1A9E-4941-9E47-254D79F2D9D5}.net_4_5_Release|Any CPU.ActiveCfg = net_4_5_Release|Any CPU
		{2A705FC6-1A9E-4941-9E47-254D79F2D9D5}.net_4_5_Release|Any CPU.Build.0 = net_4_5_Release|Any CPU
		{2A705FC6-1A9E-4941-9E47-254D79F2D9D5}.net_4_5_Release|x86.ActiveCfg = net_4_5_Release|Any CPU
		{2A705FC6-1A9E-4941-9E47-254D79F2D9D5}.net_4_5_Release|x86.Build.0 = net_4_5_Release|Any CPU
		{2A705FC6-1A9E-4941-9E47-254D79F2D9D5}.Release|Any CPU.ActiveCfg = Release|Any CPU
		{2A705FC6-1A9E-4941-9E47-254D79F2D9D5}.Release|Any CPU.Build.0 = Release|Any CPU
		{2A705FC6-1A9E-4941-9E47-254D79F2D9D5}.Release|x86.ActiveCfg = Release|Any CPU
		{2A705FC6-1A9E-4941-9E47-254D79F2D9D5}.Release|x86.Build.0 = Release|Any CPU
		{53DCA265-3C3C-42F9-B647-F72BA678122B}.Debug|Any CPU.ActiveCfg = Debug|Any CPU
		{53DCA265-3C3C-42F9-B647-F72BA678122B}.Debug|Any CPU.Build.0 = Debug|Any CPU
		{53DCA265-3C3C-42F9-B647-F72BA678122B}.Debug|x86.ActiveCfg = Debug|Any CPU
		{53DCA265-3C3C-42F9-B647-F72BA678122B}.Debug|x86.Build.0 = Debug|Any CPU
		{53DCA265-3C3C-42F9-B647-F72BA678122B}.net_4_5_Debug|Any CPU.ActiveCfg = net_4_5_Debug|Any CPU
		{53DCA265-3C3C-42F9-B647-F72BA678122B}.net_4_5_Debug|Any CPU.Build.0 = net_4_5_Debug|Any CPU
		{53DCA265-3C3C-42F9-B647-F72BA678122B}.net_4_5_Debug|x86.ActiveCfg = net_4_5_Debug|Any CPU
		{53DCA265-3C3C-42F9-B647-F72BA678122B}.net_4_5_Debug|x86.Build.0 = net_4_5_Debug|Any CPU
		{53DCA265-3C3C-42F9-B647-F72BA678122B}.net_4_5_Release|Any CPU.ActiveCfg = net_4_5_Release|Any CPU
		{53DCA265-3C3C-42F9-B647-F72BA678122B}.net_4_5_Release|Any CPU.Build.0 = net_4_5_Release|Any CPU
		{53DCA265-3C3C-42F9-B647-F72BA678122B}.net_4_5_Release|x86.ActiveCfg = net_4_5_Release|Any CPU
		{53DCA265-3C3C-42F9-B647-F72BA678122B}.net_4_5_Release|x86.Build.0 = net_4_5_Release|Any CPU
		{53DCA265-3C3C-42F9-B647-F72BA678122B}.Release|Any CPU.ActiveCfg = Release|Any CPU
		{53DCA265-3C3C-42F9-B647-F72BA678122B}.Release|Any CPU.Build.0 = Release|Any CPU
		{53DCA265-3C3C-42F9-B647-F72BA678122B}.Release|x86.ActiveCfg = Release|Any CPU
		{53DCA265-3C3C-42F9-B647-F72BA678122B}.Release|x86.Build.0 = Release|Any CPU
		{63D3B27A-D966-4902-90B3-30290E1692F1}.Debug|Any CPU.ActiveCfg = Debug|Any CPU
		{63D3B27A-D966-4902-90B3-30290E1692F1}.Debug|Any CPU.Build.0 = Debug|Any CPU
		{63D3B27A-D966-4902-90B3-30290E1692F1}.Debug|x86.ActiveCfg = Debug|x86
		{63D3B27A-D966-4902-90B3-30290E1692F1}.Debug|x86.Build.0 = Debug|x86
		{63D3B27A-D966-4902-90B3-30290E1692F1}.net_4_5_Debug|Any CPU.ActiveCfg = net_4_5_Debug|Any CPU
		{63D3B27A-D966-4902-90B3-30290E1692F1}.net_4_5_Debug|Any CPU.Build.0 = net_4_5_Debug|Any CPU
		{63D3B27A-D966-4902-90B3-30290E1692F1}.net_4_5_Debug|x86.ActiveCfg = net_4_5_Debug|x86
		{63D3B27A-D966-4902-90B3-30290E1692F1}.net_4_5_Debug|x86.Build.0 = net_4_5_Debug|x86
		{63D3B27A-D966-4902-90B3-30290E1692F1}.net_4_5_Release|Any CPU.ActiveCfg = net_4_5_Release|Any CPU
		{63D3B27A-D966-4902-90B3-30290E1692F1}.net_4_5_Release|Any CPU.Build.0 = net_4_5_Release|Any CPU
		{63D3B27A-D966-4902-90B3-30290E1692F1}.net_4_5_Release|x86.ActiveCfg = net_4_5_Release|x86
		{63D3B27A-D966-4902-90B3-30290E1692F1}.net_4_5_Release|x86.Build.0 = net_4_5_Release|x86
		{63D3B27A-D966-4902-90B3-30290E1692F1}.Release|Any CPU.ActiveCfg = Release|Any CPU
		{63D3B27A-D966-4902-90B3-30290E1692F1}.Release|Any CPU.Build.0 = Release|Any CPU
		{63D3B27A-D966-4902-90B3-30290E1692F1}.Release|x86.ActiveCfg = Release|x86
		{63D3B27A-D966-4902-90B3-30290E1692F1}.Release|x86.Build.0 = Release|x86
	EndGlobalSection
	GlobalSection(NestedProjects) = preSolution
	EndGlobalSection
	GlobalSection(MonoDevelopProperties) = preSolution
		StartupItem = ICSharpCode.NRefactory.Tests\ICSharpCode.NRefactory6.Tests.csproj
		Policies = $0
		$0.TextStylePolicy = $1
		$1.FileWidth = 120
		$1.TabsToSpaces = False
		$1.EolMarker = Unix
		$1.inheritsSet = VisualStudio
		$1.inheritsScope = text/plain
		$1.scope = text/plain
	EndGlobalSection
	GlobalSection(SolutionProperties) = preSolution
		HideSolutionNode = FALSE
	EndGlobalSection
EndGlobal
