
Microsoft Visual Studio Solution File, Format Version 12.00
# Visual Studio 2013
VisualStudioVersion = 12.0.31101.0
MinimumVisualStudioVersion = 10.0.40219.1
Project("{2150E333-8FDC-42A3-9474-1A3956D46DE8}") = "Solution Items", "Solution Items", "{DC98210E-1646-483B-819A-2BB8272461E4}"
	ProjectSection(SolutionItems) = preProject
		ICSharpCode.NRefactory.nuspec = ICSharpCode.NRefactory.nuspec
		ICSharpCode.NRefactory.snk = ICSharpCode.NRefactory.snk
		doc\TODO = doc\TODO
	EndProjectSection
EndProject
Project("{FAE04EC0-301F-11D3-BF4B-00C04F79EFBC}") = "ICSharpCode.NRefactory6.Tests", "ICSharpCode.NRefactory.Tests\ICSharpCode.NRefactory6.Tests.csproj", "{A28CDF69-C23E-44D0-87C3-CE72A3E61762}"
EndProject
Project("{FAE04EC0-301F-11D3-BF4B-00C04F79EFBC}") = "NR6Pack", "NR6Pack\NR6Pack.csproj", "{C465A5DC-AD28-49A2-89C0-F81838814A7E}"
EndProject
Project("{FAE04EC0-301F-11D3-BF4B-00C04F79EFBC}") = "ICSharpCode.NRefactory6.CSharp", "ICSharpCode.NRefactory.CSharp\ICSharpCode.NRefactory6.CSharp.csproj", "{7E891659-45F3-42B5-B940-A728780CCAE9}"
EndProject
Project("{D954291E-2A0B-460D-934E-DC6B0785DB48}") = "ICSharpCode.NRefactory6.Shared", "ICSharpCode.NRefactory6.Shared\ICSharpCode.NRefactory6.Shared.shproj", "{5AD3093F-F79D-4014-B197-27D09492C3E3}"
EndProject
Project("{FAE04EC0-301F-11D3-BF4B-00C04F79EFBC}") = "NR6Pack.Tests", "NR6Pack.Tests\NR6Pack.Tests.csproj", "{21DBA1CE-AF55-4159-B04B-B8C621BE8921}"
EndProject
Global
	GlobalSection(SharedMSBuildProjectFiles) = preSolution
		ICSharpCode.NRefactory6.Shared\ICSharpCode.NRefactory6.Shared.projitems*{5ad3093f-f79d-4014-b197-27d09492c3e3}*SharedItemsImports = 13
		ICSharpCode.NRefactory6.Shared\ICSharpCode.NRefactory6.Shared.projitems*{c465a5dc-ad28-49a2-89c0-f81838814a7e}*SharedItemsImports = 4
		ICSharpCode.NRefactory6.Shared\ICSharpCode.NRefactory6.Shared.projitems*{7e891659-45f3-42b5-b940-a728780ccae9}*SharedItemsImports = 4
	EndGlobalSection
	GlobalSection(SolutionConfigurationPlatforms) = preSolution
		Debug|Any CPU = Debug|Any CPU
		Debug|x86 = Debug|x86
		net_4_5_Debug|Any CPU = net_4_5_Debug|Any CPU
		net_4_5_Debug|x86 = net_4_5_Debug|x86
		net_4_5_Release|Any CPU = net_4_5_Release|Any CPU
		net_4_5_Release|x86 = net_4_5_Release|x86
		Release|Any CPU = Release|Any CPU
		Release|x86 = Release|x86
	EndGlobalSection
	GlobalSection(ProjectConfigurationPlatforms) = postSolution
		{A28CDF69-C23E-44D0-87C3-CE72A3E61762}.Debug|Any CPU.ActiveCfg = Debug|Any CPU
		{A28CDF69-C23E-44D0-87C3-CE72A3E61762}.Debug|Any CPU.Build.0 = Debug|Any CPU
		{A28CDF69-C23E-44D0-87C3-CE72A3E61762}.Debug|x86.ActiveCfg = Debug|x86
		{A28CDF69-C23E-44D0-87C3-CE72A3E61762}.Debug|x86.Build.0 = Debug|x86
		{A28CDF69-C23E-44D0-87C3-CE72A3E61762}.net_4_5_Debug|Any CPU.ActiveCfg = net_4_5_Debug|Any CPU
		{A28CDF69-C23E-44D0-87C3-CE72A3E61762}.net_4_5_Debug|Any CPU.Build.0 = net_4_5_Debug|Any CPU
		{A28CDF69-C23E-44D0-87C3-CE72A3E61762}.net_4_5_Debug|x86.ActiveCfg = net_4_5_Debug|x86
		{A28CDF69-C23E-44D0-87C3-CE72A3E61762}.net_4_5_Debug|x86.Build.0 = net_4_5_Debug|x86
		{A28CDF69-C23E-44D0-87C3-CE72A3E61762}.net_4_5_Release|Any CPU.ActiveCfg = net_4_5_Release|Any CPU
		{A28CDF69-C23E-44D0-87C3-CE72A3E61762}.net_4_5_Release|Any CPU.Build.0 = net_4_5_Release|Any CPU
		{A28CDF69-C23E-44D0-87C3-CE72A3E61762}.net_4_5_Release|x86.ActiveCfg = net_4_5_Release|x86
		{A28CDF69-C23E-44D0-87C3-CE72A3E61762}.net_4_5_Release|x86.Build.0 = net_4_5_Release|x86
		{A28CDF69-C23E-44D0-87C3-CE72A3E61762}.Release|Any CPU.ActiveCfg = Release|Any CPU
		{A28CDF69-C23E-44D0-87C3-CE72A3E61762}.Release|Any CPU.Build.0 = Release|Any CPU
		{A28CDF69-C23E-44D0-87C3-CE72A3E61762}.Release|x86.ActiveCfg = Release|x86
		{A28CDF69-C23E-44D0-87C3-CE72A3E61762}.Release|x86.Build.0 = Release|x86
		{C465A5DC-AD28-49A2-89C0-F81838814A7E}.Debug|Any CPU.ActiveCfg = Debug|Any CPU
		{C465A5DC-AD28-49A2-89C0-F81838814A7E}.Debug|Any CPU.Build.0 = Debug|Any CPU
		{C465A5DC-AD28-49A2-89C0-F81838814A7E}.Debug|x86.ActiveCfg = Debug|Any CPU
		{C465A5DC-AD28-49A2-89C0-F81838814A7E}.Debug|x86.Build.0 = Debug|Any CPU
		{C465A5DC-AD28-49A2-89C0-F81838814A7E}.net_4_5_Debug|Any CPU.ActiveCfg = Debug|Any CPU
		{C465A5DC-AD28-49A2-89C0-F81838814A7E}.net_4_5_Debug|Any CPU.Build.0 = Debug|Any CPU
		{C465A5DC-AD28-49A2-89C0-F81838814A7E}.net_4_5_Debug|x86.ActiveCfg = Debug|Any CPU
		{C465A5DC-AD28-49A2-89C0-F81838814A7E}.net_4_5_Release|Any CPU.ActiveCfg = Release|Any CPU
		{C465A5DC-AD28-49A2-89C0-F81838814A7E}.net_4_5_Release|Any CPU.Build.0 = Release|Any CPU
		{C465A5DC-AD28-49A2-89C0-F81838814A7E}.net_4_5_Release|x86.ActiveCfg = Release|Any CPU
		{C465A5DC-AD28-49A2-89C0-F81838814A7E}.Release|Any CPU.ActiveCfg = Release|Any CPU
		{C465A5DC-AD28-49A2-89C0-F81838814A7E}.Release|Any CPU.Build.0 = Release|Any CPU
		{C465A5DC-AD28-49A2-89C0-F81838814A7E}.Release|x86.ActiveCfg = Release|Any CPU
		{C465A5DC-AD28-49A2-89C0-F81838814A7E}.Release|x86.Build.0 = Release|Any CPU
		{7E891659-45F3-42B5-B940-A728780CCAE9}.Debug|Any CPU.ActiveCfg = Debug|Any CPU
		{7E891659-45F3-42B5-B940-A728780CCAE9}.Debug|Any CPU.Build.0 = Debug|Any CPU
		{7E891659-45F3-42B5-B940-A728780CCAE9}.Debug|x86.ActiveCfg = Debug|Any CPU
		{7E891659-45F3-42B5-B940-A728780CCAE9}.Debug|x86.Build.0 = Debug|Any CPU
		{7E891659-45F3-42B5-B940-A728780CCAE9}.net_4_5_Debug|Any CPU.ActiveCfg = net_4_5_Debug|Any CPU
		{7E891659-45F3-42B5-B940-A728780CCAE9}.net_4_5_Debug|Any CPU.Build.0 = net_4_5_Debug|Any CPU
		{7E891659-45F3-42B5-B940-A728780CCAE9}.net_4_5_Debug|x86.ActiveCfg = net_4_5_Debug|Any CPU
		{7E891659-45F3-42B5-B940-A728780CCAE9}.net_4_5_Debug|x86.Build.0 = net_4_5_Debug|Any CPU
		{7E891659-45F3-42B5-B940-A728780CCAE9}.net_4_5_Release|Any CPU.ActiveCfg = net_4_5_Release|Any CPU
		{7E891659-45F3-42B5-B940-A728780CCAE9}.net_4_5_Release|Any CPU.Build.0 = net_4_5_Release|Any CPU
		{7E891659-45F3-42B5-B940-A728780CCAE9}.net_4_5_Release|x86.ActiveCfg = net_4_5_Release|Any CPU
		{7E891659-45F3-42B5-B940-A728780CCAE9}.net_4_5_Release|x86.Build.0 = net_4_5_Release|Any CPU
		{7E891659-45F3-42B5-B940-A728780CCAE9}.Release|Any CPU.ActiveCfg = Release|Any CPU
		{7E891659-45F3-42B5-B940-A728780CCAE9}.Release|Any CPU.Build.0 = Release|Any CPU
		{7E891659-45F3-42B5-B940-A728780CCAE9}.Release|x86.ActiveCfg = Release|Any CPU
		{7E891659-45F3-42B5-B940-A728780CCAE9}.Release|x86.Build.0 = Release|Any CPU
		{21DBA1CE-AF55-4159-B04B-B8C621BE8921}.Debug|Any CPU.ActiveCfg = Debug|Any CPU
		{21DBA1CE-AF55-4159-B04B-B8C621BE8921}.Debug|Any CPU.Build.0 = Debug|Any CPU
		{21DBA1CE-AF55-4159-B04B-B8C621BE8921}.Debug|x86.ActiveCfg = Debug|Any CPU
		{21DBA1CE-AF55-4159-B04B-B8C621BE8921}.Debug|x86.Build.0 = Debug|Any CPU
		{21DBA1CE-AF55-4159-B04B-B8C621BE8921}.net_4_5_Debug|Any CPU.ActiveCfg = Debug|Any CPU
		{21DBA1CE-AF55-4159-B04B-B8C621BE8921}.net_4_5_Debug|Any CPU.Build.0 = Debug|Any CPU
		{21DBA1CE-AF55-4159-B04B-B8C621BE8921}.net_4_5_Debug|x86.ActiveCfg = Debug|Any CPU
		{21DBA1CE-AF55-4159-B04B-B8C621BE8921}.net_4_5_Debug|x86.Build.0 = Debug|Any CPU
		{21DBA1CE-AF55-4159-B04B-B8C621BE8921}.net_4_5_Release|Any CPU.ActiveCfg = Release|Any CPU
		{21DBA1CE-AF55-4159-B04B-B8C621BE8921}.net_4_5_Release|Any CPU.Build.0 = Release|Any CPU
		{21DBA1CE-AF55-4159-B04B-B8C621BE8921}.net_4_5_Release|x86.ActiveCfg = Release|Any CPU
		{21DBA1CE-AF55-4159-B04B-B8C621BE8921}.net_4_5_Release|x86.Build.0 = Release|Any CPU
		{21DBA1CE-AF55-4159-B04B-B8C621BE8921}.Release|Any CPU.ActiveCfg = Release|Any CPU
		{21DBA1CE-AF55-4159-B04B-B8C621BE8921}.Release|Any CPU.Build.0 = Release|Any CPU
		{21DBA1CE-AF55-4159-B04B-B8C621BE8921}.Release|x86.ActiveCfg = Release|Any CPU
		{21DBA1CE-AF55-4159-B04B-B8C621BE8921}.Release|x86.Build.0 = Release|Any CPU
	EndGlobalSection
	GlobalSection(SolutionProperties) = preSolution
		HideSolutionNode = FALSE
	EndGlobalSection
	GlobalSection(MonoDevelopProperties) = preSolution
		Policies = $0
		$0.TextStylePolicy = $1
		$1.FileWidth = 120
		$1.TabsToSpaces = False
		$1.EolMarker = Unix
		$1.inheritsSet = VisualStudio
		$1.inheritsScope = text/plain
		$1.scope = text/plain
	EndGlobalSection
EndGlobal
