
Microsoft Visual Studio Solution File, Format Version 11.00
# Visual Studio 2010
Project("{2150E333-8FDC-42A3-9474-1A3956D46DE8}") = "Solution Items", "Solution Items", "{DC98210E-1646-483B-819A-2BB8272461E4}"
	ProjectSection(SolutionItems) = preProject
		Packages\ICSharpCode.NRefactory.nuspec = Packages\ICSharpCode.NRefactory.nuspec
		ICSharpCode.NRefactory.snk = ICSharpCode.NRefactory.snk
		README = README
		doc\TODO = doc\TODO
	EndProjectSection
EndProject
Project("{FAE04EC0-301F-11D3-BF4B-00C04F79EFBC}") = "ICSharpCode.NRefactory.Ps", "ICSharpCode.NRefactory\ICSharpCode.NRefactory.Ps.csproj", "{3B2A5653-EC97-4001-BB9B-D90F1AF2C371}"
EndProject
Project("{FAE04EC0-301F-11D3-BF4B-00C04F79EFBC}") = "ICSharpCode.NRefactory.PlayScript.Tests", "ICSharpCode.NRefactory.Tests\ICSharpCode.NRefactory.PlayScript.Tests.csproj", "{63D3B27A-D966-4902-90B3-30290E1692F1}"
EndProject
Project("{FAE04EC0-301F-11D3-BF4B-00C04F79EFBC}") = "ICSharpCode.NRefactory.PlayScript", "ICSharpCode.NRefactory.PlayScript\ICSharpCode.NRefactory.PlayScript.csproj", "{53DCA265-3C3C-42F9-B647-F72BA678122B}"
EndProject
Project("{FAE04EC0-301F-11D3-BF4B-00C04F79EFBC}") = "ICSharpCode.NRefactory.PlayScript.GtkDemo", "ICSharpCode.NRefactory.GtkDemo\ICSharpCode.NRefactory.PlayScript.GtkDemo.csproj", "{A7EEF7F8-238F-459D-95A9-96467539641D}"
EndProject
Project("{FAE04EC0-301F-11D3-BF4B-00C04F79EFBC}") = "ICSharpCode.NRefactory.PlayScript.ConsistencyCheck", "ICSharpCode.NRefactory.ConsistencyCheck\ICSharpCode.NRefactory.PlayScript.ConsistencyCheck.csproj", "{D81206EF-3DCA-4A30-897B-E262A2AD9EE3}"
EndProject
Project("{FAE04EC0-301F-11D3-BF4B-00C04F79EFBC}") = "ICSharpCode.NRefactory.PlayScript.Xml", "ICSharpCode.NRefactory.Xml\ICSharpCode.NRefactory.PlayScript.Xml.csproj", "{DC393B66-92ED-4CAD-AB25-CFEF23F3D7C6}"
EndProject
Project("{FAE04EC0-301F-11D3-BF4B-00C04F79EFBC}") = "ICSharpCode.NRefactory.PlayScript.AstVerifier", "ICSharpCode.NRefactory.PlayScript.AstVerifier\ICSharpCode.NRefactory.PlayScript.AstVerifier.csproj", "{961DADFA-7CE6-429F-BC22-47630D6DB826}"
EndProject
Project("{FAE04EC0-301F-11D3-BF4B-00C04F79EFBC}") = "ICSharpCode.NRefactory.PlayScript.Demo", "ICSharpCode.NRefactory.Demo\ICSharpCode.NRefactory.PlayScript.Demo.csproj", "{9C19E629-C93E-4ACB-9A4B-13072B5AEF9D}"
EndProject
Project("{FAE04EC0-301F-11D3-BF4B-00C04F79EFBC}") = "IKVM.Reflection", "..\ikvm\reflect\IKVM.Reflection.csproj", "{4CB170EF-DFE6-4A56-9E1B-A85449E827A7}"
EndProject
Project("{FAE04EC0-301F-11D3-BF4B-00C04F79EFBC}") = "ICSharpCode.NRefactory.PlayScript.IKVM", "ICSharpCode.NRefactory.IKVM\ICSharpCode.NRefactory.PlayScript.IKVM.csproj", "{A727169F-D94F-443F-B305-B057D7F3B420}"
EndProject
Project("{FAE04EC0-301F-11D3-BF4B-00C04F79EFBC}") = "ICSharpCode.NRefactory.PlayScript.Cecil", "ICSharpCode.NRefactory.Cecil\ICSharpCode.NRefactory.PlayScript.Cecil.csproj", "{2B8F4F83-C2B3-4E84-A27B-8DEE1BE0E006}"
EndProject
Project("{FAE04EC0-301F-11D3-BF4B-00C04F79EFBC}") = "ICSharpCode.NRefactory.PlayScript.Refactoring", "ICSharpCode.NRefactory.PlayScript.Refactoring\ICSharpCode.NRefactory.PlayScript.Refactoring.csproj", "{2A705FC6-1A9E-4941-9E47-254D79F2D9D5}"
EndProject
Global
	GlobalSection(SolutionConfigurationPlatforms) = preSolution
		Debug|Any CPU = Debug|Any CPU
		Release|Any CPU = Release|Any CPU
	EndGlobalSection
	GlobalSection(ProjectConfigurationPlatforms) = postSolution
		{2A705FC6-1A9E-4941-9E47-254D79F2D9D5}.Debug|Any CPU.ActiveCfg = Debug|Any CPU
		{2A705FC6-1A9E-4941-9E47-254D79F2D9D5}.Debug|Any CPU.Build.0 = Debug|Any CPU
		{2A705FC6-1A9E-4941-9E47-254D79F2D9D5}.Release|Any CPU.ActiveCfg = Release|Any CPU
		{2A705FC6-1A9E-4941-9E47-254D79F2D9D5}.Release|Any CPU.Build.0 = Release|Any CPU
		{2B8F4F83-C2B3-4E84-A27B-8DEE1BE0E006}.Debug|Any CPU.ActiveCfg = Debug|Any CPU
		{2B8F4F83-C2B3-4E84-A27B-8DEE1BE0E006}.Debug|Any CPU.Build.0 = Debug|Any CPU
		{2B8F4F83-C2B3-4E84-A27B-8DEE1BE0E006}.Release|Any CPU.ActiveCfg = Release|Any CPU
		{2B8F4F83-C2B3-4E84-A27B-8DEE1BE0E006}.Release|Any CPU.Build.0 = Release|Any CPU
		{3B2A5653-EC97-4001-BB9B-D90F1AF2C371}.Debug|Any CPU.ActiveCfg = Debug|Any CPU
		{3B2A5653-EC97-4001-BB9B-D90F1AF2C371}.Debug|Any CPU.Build.0 = Debug|Any CPU
		{3B2A5653-EC97-4001-BB9B-D90F1AF2C371}.Release|Any CPU.ActiveCfg = Release|Any CPU
		{3B2A5653-EC97-4001-BB9B-D90F1AF2C371}.Release|Any CPU.Build.0 = Release|Any CPU
		{4CB170EF-DFE6-4A56-9E1B-A85449E827A7}.Debug|Any CPU.ActiveCfg = Debug|Any CPU
		{4CB170EF-DFE6-4A56-9E1B-A85449E827A7}.Debug|Any CPU.Build.0 = Debug|Any CPU
		{4CB170EF-DFE6-4A56-9E1B-A85449E827A7}.Release|Any CPU.ActiveCfg = Release|Any CPU
		{4CB170EF-DFE6-4A56-9E1B-A85449E827A7}.Release|Any CPU.Build.0 = Release|Any CPU
		{53DCA265-3C3C-42F9-B647-F72BA678122B}.Debug|Any CPU.ActiveCfg = Debug|Any CPU
		{53DCA265-3C3C-42F9-B647-F72BA678122B}.Debug|Any CPU.Build.0 = Debug|Any CPU
		{53DCA265-3C3C-42F9-B647-F72BA678122B}.Release|Any CPU.ActiveCfg = Release|Any CPU
		{53DCA265-3C3C-42F9-B647-F72BA678122B}.Release|Any CPU.Build.0 = Release|Any CPU
		{63D3B27A-D966-4902-90B3-30290E1692F1}.Debug|Any CPU.ActiveCfg = Debug|Any CPU
		{63D3B27A-D966-4902-90B3-30290E1692F1}.Debug|Any CPU.Build.0 = Debug|Any CPU
		{63D3B27A-D966-4902-90B3-30290E1692F1}.Release|Any CPU.ActiveCfg = Release|Any CPU
		{63D3B27A-D966-4902-90B3-30290E1692F1}.Release|Any CPU.Build.0 = Release|Any CPU
		{961DADFA-7CE6-429F-BC22-47630D6DB826}.Debug|Any CPU.ActiveCfg = Debug|Any CPU
		{961DADFA-7CE6-429F-BC22-47630D6DB826}.Debug|Any CPU.Build.0 = Debug|Any CPU
		{961DADFA-7CE6-429F-BC22-47630D6DB826}.Release|Any CPU.ActiveCfg = Release|Any CPU
		{961DADFA-7CE6-429F-BC22-47630D6DB826}.Release|Any CPU.Build.0 = Release|Any CPU
		{9C19E629-C93E-4ACB-9A4B-13072B5AEF9D}.Debug|Any CPU.ActiveCfg = Debug|Any CPU
		{9C19E629-C93E-4ACB-9A4B-13072B5AEF9D}.Debug|Any CPU.Build.0 = Debug|Any CPU
		{9C19E629-C93E-4ACB-9A4B-13072B5AEF9D}.Release|Any CPU.ActiveCfg = Release|Any CPU
		{9C19E629-C93E-4ACB-9A4B-13072B5AEF9D}.Release|Any CPU.Build.0 = Release|Any CPU
		{A727169F-D94F-443F-B305-B057D7F3B420}.Debug|Any CPU.ActiveCfg = Debug|Any CPU
		{A727169F-D94F-443F-B305-B057D7F3B420}.Debug|Any CPU.Build.0 = Debug|Any CPU
		{A727169F-D94F-443F-B305-B057D7F3B420}.Release|Any CPU.ActiveCfg = Release|Any CPU
		{A727169F-D94F-443F-B305-B057D7F3B420}.Release|Any CPU.Build.0 = Release|Any CPU
		{A7EEF7F8-238F-459D-95A9-96467539641D}.Debug|Any CPU.ActiveCfg = Debug|Any CPU
		{A7EEF7F8-238F-459D-95A9-96467539641D}.Debug|Any CPU.Build.0 = Debug|Any CPU
		{A7EEF7F8-238F-459D-95A9-96467539641D}.Release|Any CPU.ActiveCfg = Release|Any CPU
		{A7EEF7F8-238F-459D-95A9-96467539641D}.Release|Any CPU.Build.0 = Release|Any CPU
		{D81206EF-3DCA-4A30-897B-E262A2AD9EE3}.Debug|Any CPU.ActiveCfg = Debug|Any CPU
		{D81206EF-3DCA-4A30-897B-E262A2AD9EE3}.Debug|Any CPU.Build.0 = Debug|Any CPU
		{D81206EF-3DCA-4A30-897B-E262A2AD9EE3}.Release|Any CPU.ActiveCfg = Release|Any CPU
		{D81206EF-3DCA-4A30-897B-E262A2AD9EE3}.Release|Any CPU.Build.0 = Release|Any CPU
		{DC393B66-92ED-4CAD-AB25-CFEF23F3D7C6}.Debug|Any CPU.ActiveCfg = Debug|Any CPU
		{DC393B66-92ED-4CAD-AB25-CFEF23F3D7C6}.Debug|Any CPU.Build.0 = Debug|Any CPU
		{DC393B66-92ED-4CAD-AB25-CFEF23F3D7C6}.Release|Any CPU.ActiveCfg = Release|Any CPU
		{DC393B66-92ED-4CAD-AB25-CFEF23F3D7C6}.Release|Any CPU.Build.0 = Release|Any CPU
	EndGlobalSection
	GlobalSection(NestedProjects) = preSolution
	EndGlobalSection
	GlobalSection(MonoDevelopProperties) = preSolution
		Policies = $0
		$0.TextStylePolicy = $1
		$1.FileWidth = 120
		$1.TabsToSpaces = False
		$1.EolMarker = Unix
		$1.inheritsSet = VisualStudio
		$1.inheritsScope = text/plain
		$1.scope = text/plain
		StartupItem = ICSharpCode.NRefactory.Demo\ICSharpCode.NRefactory.Demo.csproj
	EndGlobalSection
	GlobalSection(SolutionProperties) = preSolution
		HideSolutionNode = FALSE
	EndGlobalSection
EndGlobal

