
Microsoft Visual Studio Solution File, Format Version 12.00
# Visual Studio 14
VisualStudioVersion = 14.0.22512.0
MinimumVisualStudioVersion = 10.0.40219.1
Project("{FAE04EC0-301F-11D3-BF4B-00C04F79EFBC}") = "NRefactory.VSTemplates", "NRefactory.VSTemplates\NRefactory.VSTemplates.csproj", "{C4F55FC4-3214-405F-9105-363ADBFD8E1F}"
EndProject
Project("{FAE04EC0-301F-11D3-BF4B-00C04F79EFBC}") = "NRefactory.VSTemplates.Vsix", "NRefactory.VSTemplates.Vsix\NRefactory.VSTemplates.Vsix.csproj", "{2DDB7B59-A2E1-4324-80D5-B484EB3EA16E}"
	ProjectSection(ProjectDependencies) = postProject
		{C4F55FC4-3214-405F-9105-363ADBFD8E1F} = {C4F55FC4-3214-405F-9105-363ADBFD8E1F}
	EndProjectSection
EndProject
Global
	GlobalSection(SolutionConfigurationPlatforms) = preSolution
		Debug|Any CPU = Debug|Any CPU
		Release|Any CPU = Release|Any CPU
	EndGlobalSection
	GlobalSection(ProjectConfigurationPlatforms) = postSolution
		{C4F55FC4-3214-405F-9105-363ADBFD8E1F}.Debug|Any CPU.ActiveCfg = Debug|Any CPU
		{C4F55FC4-3214-405F-9105-363ADBFD8E1F}.Debug|Any CPU.Build.0 = Debug|Any CPU
		{C4F55FC4-3214-405F-9105-363ADBFD8E1F}.Release|Any CPU.ActiveCfg = Release|Any CPU
		{C4F55FC4-3214-405F-9105-363ADBFD8E1F}.Release|Any CPU.Build.0 = Release|Any CPU
		{2DDB7B59-A2E1-4324-80D5-B484EB3EA16E}.Debug|Any CPU.ActiveCfg = Debug|Any CPU
		{2DDB7B59-A2E1-4324-80D5-B484EB3EA16E}.Debug|Any CPU.Build.0 = Debug|Any CPU
		{2DDB7B59-A2E1-4324-80D5-B484EB3EA16E}.Release|Any CPU.ActiveCfg = Release|Any CPU
		{2DDB7B59-A2E1-4324-80D5-B484EB3EA16E}.Release|Any CPU.Build.0 = Release|Any CPU
	EndGlobalSection
	GlobalSection(SolutionProperties) = preSolution
		HideSolutionNode = FALSE
	EndGlobalSection
EndGlobal
